// !$*UTF8*$!
{
	archiveVersion = 1;
	classes = {
	};
	objectVersion = 50;
	objects = {

/* Begin PBXBuildFile section */
		ADA037882209858E00C58BC1 /* dingcorrect.wav in Resources */ = {isa = PBXBuildFile; fileRef = ADA037842209858D00C58BC1 /* dingcorrect.wav */; };
		ADA037892209858E00C58BC1 /* dingwrong.wav in Resources */ = {isa = PBXBuildFile; fileRef = ADA037852209858E00C58BC1 /* dingwrong.wav */; };
		ADA0378A2209858E00C58BC1 /* shuffle.wav in Resources */ = {isa = PBXBuildFile; fileRef = ADA037862209858E00C58BC1 /* shuffle.wav */; };
		ADA0378B2209858E00C58BC1 /* cardflip.wav in Resources */ = {isa = PBXBuildFile; fileRef = ADA037872209858E00C58BC1 /* cardflip.wav */; };
		ADA0378E220985DF00C58BC1 /* AVFoundation.framework in Frameworks */ = {isa = PBXBuildFile; fileRef = ADA0378D220985DF00C58BC1 /* AVFoundation.framework */; };
		ADA037902209862000C58BC1 /* SoundManager.swift in Sources */ = {isa = PBXBuildFile; fileRef = ADA0378F2209862000C58BC1 /* SoundManager.swift */; };
		ADFAA33622047BBE00E22DB0 /* AppDelegate.swift in Sources */ = {isa = PBXBuildFile; fileRef = ADFAA33522047BBE00E22DB0 /* AppDelegate.swift */; };
		ADFAA33822047BBE00E22DB0 /* ViewController.swift in Sources */ = {isa = PBXBuildFile; fileRef = ADFAA33722047BBE00E22DB0 /* ViewController.swift */; };
		ADFAA33B22047BBE00E22DB0 /* Main.storyboard in Resources */ = {isa = PBXBuildFile; fileRef = ADFAA33922047BBE00E22DB0 /* Main.storyboard */; };
		ADFAA33D22047BC000E22DB0 /* Assets.xcassets in Resources */ = {isa = PBXBuildFile; fileRef = ADFAA33C22047BC000E22DB0 /* Assets.xcassets */; };
		ADFAA34022047BC000E22DB0 /* LaunchScreen.storyboard in Resources */ = {isa = PBXBuildFile; fileRef = ADFAA33E22047BC000E22DB0 /* LaunchScreen.storyboard */; };
		ADFAA3482204810800E22DB0 /* CardModel.swift in Sources */ = {isa = PBXBuildFile; fileRef = ADFAA3472204810800E22DB0 /* CardModel.swift */; };
		ADFAA34A2204829A00E22DB0 /* Card.swift in Sources */ = {isa = PBXBuildFile; fileRef = ADFAA3492204829A00E22DB0 /* Card.swift */; };
		ADFAA34C2204874600E22DB0 /* CardCollectionViewCell.swift in Sources */ = {isa = PBXBuildFile; fileRef = ADFAA34B2204874600E22DB0 /* CardCollectionViewCell.swift */; };
/* End PBXBuildFile section */

/* Begin PBXFileReference section */
		ADA037842209858D00C58BC1 /* dingcorrect.wav */ = {isa = PBXFileReference; lastKnownFileType = audio.wav; path = dingcorrect.wav; sourceTree = "<group>"; };
		ADA037852209858E00C58BC1 /* dingwrong.wav */ = {isa = PBXFileReference; lastKnownFileType = audio.wav; path = dingwrong.wav; sourceTree = "<group>"; };
		ADA037862209858E00C58BC1 /* shuffle.wav */ = {isa = PBXFileReference; lastKnownFileType = audio.wav; path = shuffle.wav; sourceTree = "<group>"; };
		ADA037872209858E00C58BC1 /* cardflip.wav */ = {isa = PBXFileReference; lastKnownFileType = audio.wav; path = cardflip.wav; sourceTree = "<group>"; };
		ADA0378D220985DF00C58BC1 /* AVFoundation.framework */ = {isa = PBXFileReference; lastKnownFileType = wrapper.framework; name = AVFoundation.framework; path = System/Library/Frameworks/AVFoundation.framework; sourceTree = SDKROOT; };
		ADA0378F2209862000C58BC1 /* SoundManager.swift */ = {isa = PBXFileReference; lastKnownFileType = sourcecode.swift; path = SoundManager.swift; sourceTree = "<group>"; };
		ADFAA33222047BBE00E22DB0 /* Match App.app */ = {isa = PBXFileReference; explicitFileType = wrapper.application; includeInIndex = 0; path = "Match App.app"; sourceTree = BUILT_PRODUCTS_DIR; };
		ADFAA33522047BBE00E22DB0 /* AppDelegate.swift */ = {isa = PBXFileReference; lastKnownFileType = sourcecode.swift; path = AppDelegate.swift; sourceTree = "<group>"; };
		ADFAA33722047BBE00E22DB0 /* ViewController.swift */ = {isa = PBXFileReference; lastKnownFileType = sourcecode.swift; path = ViewController.swift; sourceTree = "<group>"; };
		ADFAA33A22047BBE00E22DB0 /* Base */ = {isa = PBXFileReference; lastKnownFileType = file.storyboard; name = Base; path = Base.lproj/Main.storyboard; sourceTree = "<group>"; };
		ADFAA33C22047BC000E22DB0 /* Assets.xcassets */ = {isa = PBXFileReference; lastKnownFileType = folder.assetcatalog; path = Assets.xcassets; sourceTree = "<group>"; };
		ADFAA33F22047BC000E22DB0 /* Base */ = {isa = PBXFileReference; lastKnownFileType = file.storyboard; name = Base; path = Base.lproj/LaunchScreen.storyboard; sourceTree = "<group>"; };
		ADFAA34122047BC000E22DB0 /* Info.plist */ = {isa = PBXFileReference; lastKnownFileType = text.plist.xml; path = Info.plist; sourceTree = "<group>"; };
		ADFAA3472204810800E22DB0 /* CardModel.swift */ = {isa = PBXFileReference; lastKnownFileType = sourcecode.swift; path = CardModel.swift; sourceTree = "<group>"; };
		ADFAA3492204829A00E22DB0 /* Card.swift */ = {isa = PBXFileReference; lastKnownFileType = sourcecode.swift; path = Card.swift; sourceTree = "<group>"; };
		ADFAA34B2204874600E22DB0 /* CardCollectionViewCell.swift */ = {isa = PBXFileReference; lastKnownFileType = sourcecode.swift; path = CardCollectionViewCell.swift; sourceTree = "<group>"; };
/* End PBXFileReference section */

/* Begin PBXFrameworksBuildPhase section */
		ADFAA32F22047BBE00E22DB0 /* Frameworks */ = {
			isa = PBXFrameworksBuildPhase;
			buildActionMask = 2147483647;
			files = (
				ADA0378E220985DF00C58BC1 /* AVFoundation.framework in Frameworks */,
			);
			runOnlyForDeploymentPostprocessing = 0;
		};
/* End PBXFrameworksBuildPhase section */

/* Begin PBXGroup section */
		ADA037832209853900C58BC1 /* Sounds */ = {
			isa = PBXGroup;
			children = (
				ADA037872209858E00C58BC1 /* cardflip.wav */,
				ADA037842209858D00C58BC1 /* dingcorrect.wav */,
				ADA037852209858E00C58BC1 /* dingwrong.wav */,
				ADA037862209858E00C58BC1 /* shuffle.wav */,
			);
			path = Sounds;
			sourceTree = "<group>";
		};
		ADA0378C220985DF00C58BC1 /* Frameworks */ = {
			isa = PBXGroup;
			children = (
				ADA0378D220985DF00C58BC1 /* AVFoundation.framework */,
			);
			name = Frameworks;
			sourceTree = "<group>";
		};
		ADFAA32922047BBE00E22DB0 = {
			isa = PBXGroup;
			children = (
				ADFAA33422047BBE00E22DB0 /* Match App */,
				ADFAA33322047BBE00E22DB0 /* Products */,
				ADA0378C220985DF00C58BC1 /* Frameworks */,
			);
			sourceTree = "<group>";
		};
		ADFAA33322047BBE00E22DB0 /* Products */ = {
			isa = PBXGroup;
			children = (
				ADFAA33222047BBE00E22DB0 /* Match App.app */,
			);
			name = Products;
			sourceTree = "<group>";
		};
		ADFAA33422047BBE00E22DB0 /* Match App */ = {
			isa = PBXGroup;
			children = (
				ADA037832209853900C58BC1 /* Sounds */,
				ADFAA33522047BBE00E22DB0 /* AppDelegate.swift */,
				ADFAA33722047BBE00E22DB0 /* ViewController.swift */,
				ADFAA3472204810800E22DB0 /* CardModel.swift */,
				ADFAA3492204829A00E22DB0 /* Card.swift */,
				ADFAA34B2204874600E22DB0 /* CardCollectionViewCell.swift */,
				ADA0378F2209862000C58BC1 /* SoundManager.swift */,
				ADFAA33922047BBE00E22DB0 /* Main.storyboard */,
				ADFAA33C22047BC000E22DB0 /* Assets.xcassets */,
				ADFAA33E22047BC000E22DB0 /* LaunchScreen.storyboard */,
				ADFAA34122047BC000E22DB0 /* Info.plist */,
			);
			path = "Match App";
			sourceTree = "<group>";
		};
/* End PBXGroup section */

/* Begin PBXNativeTarget section */
		ADFAA33122047BBE00E22DB0 /* Match App */ = {
			isa = PBXNativeTarget;
			buildConfigurationList = ADFAA34422047BC000E22DB0 /* Build configuration list for PBXNativeTarget "Match App" */;
			buildPhases = (
				ADFAA32E22047BBE00E22DB0 /* Sources */,
				ADFAA32F22047BBE00E22DB0 /* Frameworks */,
				ADFAA33022047BBE00E22DB0 /* Resources */,
			);
			buildRules = (
			);
			dependencies = (
			);
			name = "Match App";
			productName = "Match App";
			productReference = ADFAA33222047BBE00E22DB0 /* Match App.app */;
			productType = "com.apple.product-type.application";
		};
/* End PBXNativeTarget section */

/* Begin PBXProject section */
		ADFAA32A22047BBE00E22DB0 /* Project object */ = {
			isa = PBXProject;
			attributes = {
				LastSwiftUpdateCheck = 1010;
				LastUpgradeCheck = 1010;
				ORGANIZATIONNAME = "Ady Lau";
				TargetAttributes = {
					ADFAA33122047BBE00E22DB0 = {
						CreatedOnToolsVersion = 10.1;
					};
				};
			};
			buildConfigurationList = ADFAA32D22047BBE00E22DB0 /* Build configuration list for PBXProject "Match App" */;
			compatibilityVersion = "Xcode 9.3";
			developmentRegion = en;
			hasScannedForEncodings = 0;
			knownRegions = (
				en,
				Base,
			);
			mainGroup = ADFAA32922047BBE00E22DB0;
			productRefGroup = ADFAA33322047BBE00E22DB0 /* Products */;
			projectDirPath = "";
			projectRoot = "";
			targets = (
				ADFAA33122047BBE00E22DB0 /* Match App */,
			);
		};
/* End PBXProject section */

/* Begin PBXResourcesBuildPhase section */
		ADFAA33022047BBE00E22DB0 /* Resources */ = {
			isa = PBXResourcesBuildPhase;
			buildActionMask = 2147483647;
			files = (
				ADA0378A2209858E00C58BC1 /* shuffle.wav in Resources */,
				ADFAA34022047BC000E22DB0 /* LaunchScreen.storyboard in Resources */,
				ADA037892209858E00C58BC1 /* dingwrong.wav in Resources */,
				ADA0378B2209858E00C58BC1 /* cardflip.wav in Resources */,
				ADFAA33D22047BC000E22DB0 /* Assets.xcassets in Resources */,
				ADFAA33B22047BBE00E22DB0 /* Main.storyboard in Resources */,
				ADA037882209858E00C58BC1 /* dingcorrect.wav in Resources */,
			);
			runOnlyForDeploymentPostprocessing = 0;
		};
/* End PBXResourcesBuildPhase section */

/* Begin PBXSourcesBuildPhase section */
		ADFAA32E22047BBE00E22DB0 /* Sources */ = {
			isa = PBXSourcesBuildPhase;
			buildActionMask = 2147483647;
			files = (
				ADFAA33822047BBE00E22DB0 /* ViewController.swift in Sources */,
				ADFAA33622047BBE00E22DB0 /* AppDelegate.swift in Sources */,
				ADFAA3482204810800E22DB0 /* CardModel.swift in Sources */,
				ADFAA34C2204874600E22DB0 /* CardCollectionViewCell.swift in Sources */,
				ADFAA34A2204829A00E22DB0 /* Card.swift in Sources */,
				ADA037902209862000C58BC1 /* SoundManager.swift in Sources */,
			);
			runOnlyForDeploymentPostprocessing = 0;
		};
/* End PBXSourcesBuildPhase section */

/* Begin PBXVariantGroup section */
		ADFAA33922047BBE00E22DB0 /* Main.storyboard */ = {
			isa = PBXVariantGroup;
			children = (
				ADFAA33A22047BBE00E22DB0 /* Base */,
			);
			name = Main.storyboard;
			sourceTree = "<group>";
		};
		ADFAA33E22047BC000E22DB0 /* LaunchScreen.storyboard */ = {
			isa = PBXVariantGroup;
			children = (
				ADFAA33F22047BC000E22DB0 /* Base */,
			);
			name = LaunchScreen.storyboard;
			sourceTree = "<group>";
		};
/* End PBXVariantGroup section */

/* Begin XCBuildConfiguration section */
		ADFAA34222047BC000E22DB0 /* Debug */ = {
			isa = XCBuildConfiguration;
			buildSettings = {
				ALWAYS_SEARCH_USER_PATHS = NO;
				CLANG_ANALYZER_NONNULL = YES;
				CLANG_ANALYZER_NUMBER_OBJECT_CONVERSION = YES_AGGRESSIVE;
				CLANG_CXX_LANGUAGE_STANDARD = "gnu++14";
				CLANG_CXX_LIBRARY = "libc++";
				CLANG_ENABLE_MODULES = YES;
				CLANG_ENABLE_OBJC_ARC = YES;
				CLANG_ENABLE_OBJC_WEAK = YES;
				CLANG_WARN_BLOCK_CAPTURE_AUTORELEASING = YES;
				CLANG_WARN_BOOL_CONVERSION = YES;
				CLANG_WARN_COMMA = YES;
				CLANG_WARN_CONSTANT_CONVERSION = YES;
				CLANG_WARN_DEPRECATED_OBJC_IMPLEMENTATIONS = YES;
				CLANG_WARN_DIRECT_OBJC_ISA_USAGE = YES_ERROR;
				CLANG_WARN_DOCUMENTATION_COMMENTS = YES;
				CLANG_WARN_EMPTY_BODY = YES;
				CLANG_WARN_ENUM_CONVERSION = YES;
				CLANG_WARN_INFINITE_RECURSION = YES;
				CLANG_WARN_INT_CONVERSION = YES;
				CLANG_WARN_NON_LITERAL_NULL_CONVERSION = YES;
				CLANG_WARN_OBJC_IMPLICIT_RETAIN_SELF = YES;
				CLANG_WARN_OBJC_LITERAL_CONVERSION = YES;
				CLANG_WARN_OBJC_ROOT_CLASS = YES_ERROR;
				CLANG_WARN_RANGE_LOOP_ANALYSIS = YES;
				CLANG_WARN_STRICT_PROTOTYPES = YES;
				CLANG_WARN_SUSPICIOUS_MOVE = YES;
				CLANG_WARN_UNGUARDED_AVAILABILITY = YES_AGGRESSIVE;
				CLANG_WARN_UNREACHABLE_CODE = YES;
				CLANG_WARN__DUPLICATE_METHOD_MATCH = YES;
				CODE_SIGN_IDENTITY = "iPhone Developer";
				COPY_PHASE_STRIP = NO;
				DEBUG_INFORMATION_FORMAT = dwarf;
				ENABLE_STRICT_OBJC_MSGSEND = YES;
				ENABLE_TESTABILITY = YES;
				GCC_C_LANGUAGE_STANDARD = gnu11;
				GCC_DYNAMIC_NO_PIC = NO;
				GCC_NO_COMMON_BLOCKS = YES;
				GCC_OPTIMIZATION_LEVEL = 0;
				GCC_PREPROCESSOR_DEFINITIONS = (
					"DEBUG=1",
					"$(inherited)",
				);
				GCC_WARN_64_TO_32_BIT_CONVERSION = YES;
				GCC_WARN_ABOUT_RETURN_TYPE = YES_ERROR;
				GCC_WARN_UNDECLARED_SELECTOR = YES;
				GCC_WARN_UNINITIALIZED_AUTOS = YES_AGGRESSIVE;
				GCC_WARN_UNUSED_FUNCTION = YES;
				GCC_WARN_UNUSED_VARIABLE = YES;
				IPHONEOS_DEPLOYMENT_TARGET = 12.1;
				MTL_ENABLE_DEBUG_INFO = INCLUDE_SOURCE;
				MTL_FAST_MATH = YES;
				ONLY_ACTIVE_ARCH = YES;
				SDKROOT = iphoneos;
				SWIFT_ACTIVE_COMPILATION_CONDITIONS = DEBUG;
				SWIFT_OPTIMIZATION_LEVEL = "-Onone";
			};
			name = Debug;
		};
		ADFAA34322047BC000E22DB0 /* Release */ = {
			isa = XCBuildConfiguration;
			buildSettings = {
				ALWAYS_SEARCH_USER_PATHS = NO;
				CLANG_ANALYZER_NONNULL = YES;
				CLANG_ANALYZER_NUMBER_OBJECT_CONVERSION = YES_AGGRESSIVE;
				CLANG_CXX_LANGUAGE_STANDARD = "gnu++14";
				CLANG_CXX_LIBRARY = "libc++";
				CLANG_ENABLE_MODULES = YES;
				CLANG_ENABLE_OBJC_ARC = YES;
				CLANG_ENABLE_OBJC_WEAK = YES;
				CLANG_WARN_BLOCK_CAPTURE_AUTORELEASING = YES;
				CLANG_WARN_BOOL_CONVERSION = YES;
				CLANG_WARN_COMMA = YES;
				CLANG_WARN_CONSTANT_CONVERSION = YES;
				CLANG_WARN_DEPRECATED_OBJC_IMPLEMENTATIONS = YES;
				CLANG_WARN_DIRECT_OBJC_ISA_USAGE = YES_ERROR;
				CLANG_WARN_DOCUMENTATION_COMMENTS = YES;
				CLANG_WARN_EMPTY_BODY = YES;
				CLANG_WARN_ENUM_CONVERSION = YES;
				CLANG_WARN_INFINITE_RECURSION = YES;
				CLANG_WARN_INT_CONVERSION = YES;
				CLANG_WARN_NON_LITERAL_NULL_CONVERSION = YES;
				CLANG_WARN_OBJC_IMPLICIT_RETAIN_SELF = YES;
				CLANG_WARN_OBJC_LITERAL_CONVERSION = YES;
				CLANG_WARN_OBJC_ROOT_CLASS = YES_ERROR;
				CLANG_WARN_RANGE_LOOP_ANALYSIS = YES;
				CLANG_WARN_STRICT_PROTOTYPES = YES;
				CLANG_WARN_SUSPICIOUS_MOVE = YES;
				CLANG_WARN_UNGUARDED_AVAILABILITY = YES_AGGRESSIVE;
				CLANG_WARN_UNREACHABLE_CODE = YES;
				CLANG_WARN__DUPLICATE_METHOD_MATCH = YES;
				CODE_SIGN_IDENTITY = "iPhone Developer";
				COPY_PHASE_STRIP = NO;
				DEBUG_INFORMATION_FORMAT = "dwarf-with-dsym";
				ENABLE_NS_ASSERTIONS = NO;
				ENABLE_STRICT_OBJC_MSGSEND = YES;
				GCC_C_LANGUAGE_STANDARD = gnu11;
				GCC_NO_COMMON_BLOCKS = YES;
				GCC_WARN_64_TO_32_BIT_CONVERSION = YES;
				GCC_WARN_ABOUT_RETURN_TYPE = YES_ERROR;
				GCC_WARN_UNDECLARED_SELECTOR = YES;
				GCC_WARN_UNINITIALIZED_AUTOS = YES_AGGRESSIVE;
				GCC_WARN_UNUSED_FUNCTION = YES;
				GCC_WARN_UNUSED_VARIABLE = YES;
				IPHONEOS_DEPLOYMENT_TARGET = 12.1;
				MTL_ENABLE_DEBUG_INFO = NO;
				MTL_FAST_MATH = YES;
				SDKROOT = iphoneos;
				SWIFT_COMPILATION_MODE = wholemodule;
				SWIFT_OPTIMIZATION_LEVEL = "-O";
				VALIDATE_PRODUCT = YES;
			};
			name = Release;
		};
		ADFAA34522047BC000E22DB0 /* Debug */ = {
			isa = XCBuildConfiguration;
			buildSettings = {
				ASSETCATALOG_COMPILER_APPICON_NAME = AppIcon;
				CODE_SIGN_STYLE = Automatic;
				DEVELOPMENT_TEAM = 82B4WBF7P8;
				INFOPLIST_FILE = "Match App/Info.plist";
				LD_RUNPATH_SEARCH_PATHS = (
					"$(inherited)",
					"@executable_path/Frameworks",
				);
				PRODUCT_BUNDLE_IDENTIFIER = "com.adylau.Match-App";
				PRODUCT_NAME = "$(TARGET_NAME)";
				SWIFT_VERSION = 4.2;
				TARGETED_DEVICE_FAMILY = "1,2";
			};
			name = Debug;
		};
		ADFAA34622047BC000E22DB0 /* Release */ = {
			isa = XCBuildConfiguration;
			buildSettings = {
				ASSETCATALOG_COMPILER_APPICON_NAME = AppIcon;
				CODE_SIGN_STYLE = Automatic;
				DEVELOPMENT_TEAM = 82B4WBF7P8;
				INFOPLIST_FILE = "Match App/Info.plist";
				LD_RUNPATH_SEARCH_PATHS = (
					"$(inherited)",
					"@executable_path/Frameworks",
				);
				PRODUCT_BUNDLE_IDENTIFIER = "com.adylau.Match-App";
				PRODUCT_NAME = "$(TARGET_NAME)";
				SWIFT_VERSION = 4.2;
				TARGETED_DEVICE_FAMILY = "1,2";
			};
			name = Release;
		};
/* End XCBuildConfiguration section */

/* Begin XCConfigurationList section */
		ADFAA32D22047BBE00E22DB0 /* Build configuration list for PBXProject "Match App" */ = {
			isa = XCConfigurationList;
			buildConfigurations = (
				ADFAA34222047BC000E22DB0 /* Debug */,
				ADFAA34322047BC000E22DB0 /* Release */,
			);
			defaultConfigurationIsVisible = 0;
			defaultConfigurationName = Release;
		};
		ADFAA34422047BC000E22DB0 /* Build configuration list for PBXNativeTarget "Match App" */ = {
			isa = XCConfigurationList;
			buildConfigurations = (
				ADFAA34522047BC000E22DB0 /* Debug */,
				ADFAA34622047BC000E22DB0 /* Release */,
			);
			defaultConfigurationIsVisible = 0;
			defaultConfigurationName = Release;
		};
/* End XCConfigurationList section */
	};
	rootObject = ADFAA32A22047BBE00E22DB0 /* Project object */;
}
